
Microsoft Visual Studio Solution File, Format Version 12.00
# Visual Studio Version 17
VisualStudioVersion = 17.6.33723.286
MinimumVisualStudioVersion = 10.0.40219.1
Project("{9A19103F-16F7-4668-BE54-9A1E7A4F7556}") = "Business", "Business\Business.csproj", "{4E3207A1-A2B1-4592-89C2-FC97018BC7CF}"
EndProject
Project("{9A19103F-16F7-4668-BE54-9A1E7A4F7556}") = "Core", "Core\Core.csproj", "{B35B3DE6-FBF8-4BCC-93C9-A9B4DF96ABB4}"
EndProject
Project("{9A19103F-16F7-4668-BE54-9A1E7A4F7556}") = "DataAccess", "DataAccess\DataAccess.csproj", "{2B7E87AA-F2D4-4CCC-8B04-703AE6BF3529}"
EndProject
Project("{9A19103F-16F7-4668-BE54-9A1E7A4F7556}") = "Entities", "Entities\Entities.csproj", "{2926167A-9423-47BE-99F7-7D116CBB36E7}"
EndProject
Project("{FAE04EC0-301F-11D3-BF4B-00C04F79EFBC}") = "WebAPI", "WebAPI\WebAPI.csproj", "{DF7586A0-183C-4352-836A-77F6D104F729}"
EndProject
Global
	GlobalSection(SolutionConfigurationPlatforms) = preSolution
		Debug|Any CPU = Debug|Any CPU
		Release|Any CPU = Release|Any CPU
	EndGlobalSection
	GlobalSection(ProjectConfigurationPlatforms) = postSolution
		{4E3207A1-A2B1-4592-89C2-FC97018BC7CF}.Debug|Any CPU.ActiveCfg = Debug|Any CPU
		{4E3207A1-A2B1-4592-89C2-FC97018BC7CF}.Debug|Any CPU.Build.0 = Debug|Any CPU
		{4E3207A1-A2B1-4592-89C2-FC97018BC7CF}.Release|Any CPU.ActiveCfg = Release|Any CPU
		{4E3207A1-A2B1-4592-89C2-FC97018BC7CF}.Release|Any CPU.Build.0 = Release|Any CPU
		{B35B3DE6-FBF8-4BCC-93C9-A9B4DF96ABB4}.Debug|Any CPU.ActiveCfg = Debug|Any CPU
		{B35B3DE6-FBF8-4BCC-93C9-A9B4DF96ABB4}.Debug|Any CPU.Build.0 = Debug|Any CPU
		{B35B3DE6-FBF8-4BCC-93C9-A9B4DF96ABB4}.Release|Any CPU.ActiveCfg = Release|Any CPU
		{B35B3DE6-FBF8-4BCC-93C9-A9B4DF96ABB4}.Release|Any CPU.Build.0 = Release|Any CPU
		{2B7E87AA-F2D4-4CCC-8B04-703AE6BF3529}.Debug|Any CPU.ActiveCfg = Debug|Any CPU
		{2B7E87AA-F2D4-4CCC-8B04-703AE6BF3529}.Debug|Any CPU.Build.0 = Debug|Any CPU
		{2B7E87AA-F2D4-4CCC-8B04-703AE6BF3529}.Release|Any CPU.ActiveCfg = Release|Any CPU
		{2B7E87AA-F2D4-4CCC-8B04-703AE6BF3529}.Release|Any CPU.Build.0 = Release|Any CPU
		{2926167A-9423-47BE-99F7-7D116CBB36E7}.Debug|Any CPU.ActiveCfg = Debug|Any CPU
		{2926167A-9423-47BE-99F7-7D116CBB36E7}.Debug|Any CPU.Build.0 = Debug|Any CPU
		{2926167A-9423-47BE-99F7-7D116CBB36E7}.Release|Any CPU.ActiveCfg = Release|Any CPU
		{2926167A-9423-47BE-99F7-7D116CBB36E7}.Release|Any CPU.Build.0 = Release|Any CPU
		{DF7586A0-183C-4352-836A-77F6D104F729}.Debug|Any CPU.ActiveCfg = Debug|Any CPU
		{DF7586A0-183C-4352-836A-77F6D104F729}.Debug|Any CPU.Build.0 = Debug|Any CPU
		{DF7586A0-183C-4352-836A-77F6D104F729}.Release|Any CPU.ActiveCfg = Release|Any CPU
		{DF7586A0-183C-4352-836A-77F6D104F729}.Release|Any CPU.Build.0 = Release|Any CPU
	EndGlobalSection
	GlobalSection(SolutionProperties) = preSolution
		HideSolutionNode = FALSE
	EndGlobalSection
	GlobalSection(ExtensibilityGlobals) = postSolution
		SolutionGuid = {6867EEB2-E2B6-428C-87D2-D7DF3659C24E}
	EndGlobalSection
EndGlobal
